
Microsoft Visual Studio Solution File, Format Version 12.00
# Visual Studio Version 16
VisualStudioVersion = 16.0.29709.97
MinimumVisualStudioVersion = 10.0.40219.1
Project("{FAE04EC0-301F-11D3-BF4B-00C04F79EFBC}") = "Assignment2_blake", "Assignment2_blake\Assignment2_blake.csproj", "{3B0BD277-DF62-4D62-9124-FA2A39344CD6}"
EndProject
Global
	GlobalSection(SolutionConfigurationPlatforms) = preSolution
		Debug|Any CPU = Debug|Any CPU
		Release|Any CPU = Release|Any CPU
	EndGlobalSection
	GlobalSection(ProjectConfigurationPlatforms) = postSolution
		{3B0BD277-DF62-4D62-9124-FA2A39344CD6}.Debug|Any CPU.ActiveCfg = Debug|Any CPU
		{3B0BD277-DF62-4D62-9124-FA2A39344CD6}.Debug|Any CPU.Build.0 = Debug|Any CPU
		{3B0BD277-DF62-4D62-9124-FA2A39344CD6}.Release|Any CPU.ActiveCfg = Release|Any CPU
		{3B0BD277-DF62-4D62-9124-FA2A39344CD6}.Release|Any CPU.Build.0 = Release|Any CPU
	EndGlobalSection
	GlobalSection(SolutionProperties) = preSolution
		HideSolutionNode = FALSE
	EndGlobalSection
	GlobalSection(ExtensibilityGlobals) = postSolution
		SolutionGuid = {D0F8E549-4FD0-479D-99B0-4A55CC97FE5A}
	EndGlobalSection
EndGlobal
